
Microsoft Visual Studio Solution File, Format Version 12.00
# Visual Studio Version 16
VisualStudioVersion = 16.0.33423.256
MinimumVisualStudioVersion = 10.0.40219.1
Project("{FAE04EC0-301F-11D3-BF4B-00C04F79EFBC}") = "WpfTitleBarTest2", "WpfTitleBarTest2\WpfTitleBarTest2.csproj", "{CBB6FE67-509A-469A-9748-F60EDDD99CEE}"
EndProject
Global
	GlobalSection(SolutionConfigurationPlatforms) = preSolution
		Debug|Any CPU = Debug|Any CPU
		Release|Any CPU = Release|Any CPU
	EndGlobalSection
	GlobalSection(ProjectConfigurationPlatforms) = postSolution
		{CBB6FE67-509A-469A-9748-F60EDDD99CEE}.Debug|Any CPU.ActiveCfg = Debug|Any CPU
		{CBB6FE67-509A-469A-9748-F60EDDD99CEE}.Debug|Any CPU.Build.0 = Debug|Any CPU
		{CBB6FE67-509A-469A-9748-F60EDDD99CEE}.Release|Any CPU.ActiveCfg = Release|Any CPU
		{CBB6FE67-509A-469A-9748-F60EDDD99CEE}.Release|Any CPU.Build.0 = Release|Any CPU
	EndGlobalSection
	GlobalSection(SolutionProperties) = preSolution
		HideSolutionNode = FALSE
	EndGlobalSection
	GlobalSection(ExtensibilityGlobals) = postSolution
		SolutionGuid = {024AB990-2768-415E-9E6F-FE4029F8F7AB}
	EndGlobalSection
EndGlobal
